<?xml version="1.0" encoding="utf-8"?>
<Project ToolsVersion="4.0" xmlns="http://schemas.microsoft.com/developer/msbuild/2003">
  <ItemGroup>
    <Filter Include="Source Files">
      <UniqueIdentifier>{4FC737F1-C7A5-4376-A066-2A32D752A2FF}</UniqueIdentifier>
      <Extensions>cpp;c;cc;cxx;c++;cppm;ixx;def;odl;idl;hpj;bat;asm;asmx</Extensions>
    </Filter>
    <Filter Include="Module Files">
      <UniqueIdentifier>{6cff0a90-9724-4d25-ba90-b3192a7383d4}</UniqueIdentifier>
    </Filter>
  </ItemGroup>
  <ItemGroup>
    <ClCompile Include="domain.shape.ixx">
      <Filter>Module Files</Filter>
    </ClCompile>
    <ClCompile Include="domain.diagram.ixx">
      <Filter>Module Files</Filter>
    </ClCompile>
    <ClCompile Include="domain.diagram.cpp">
      <Filter>Source Files</Filter>
    </ClCompile>
    <ClCompile Include="domain.shape.cpp">
      <Filter>Source Files</Filter>
    </ClCompile>
  </ItemGroup>
</Project>